
Microsoft Visual Studio Solution File, Format Version 12.00
# Visual Studio Version 16
VisualStudioVersion = 16.0.31911.196
MinimumVisualStudioVersion = 10.0.40219.1
Project("{9A19103F-16F7-4668-BE54-9A1E7A4F7556}") = "SecurityConventionsApi", "SecurityConventionsApi\SecurityConventionsApi.csproj", "{373D942D-E4FA-47BE-9FB8-8507A2F74F9A}"
EndProject
Project("{FAE04EC0-301F-11D3-BF4B-00C04F79EFBC}") = "SecurityConventions.UnitTests", "SecurityConventions.UnitTests\SecurityConventions.UnitTests.csproj", "{702B7504-231B-481D-B710-E1FF6871F153}"
EndProject
Project("{2150E333-8FDC-42A3-9474-1A3956D46DE8}") = "Solutions Items", "Solutions Items", "{41C45181-2542-43CB-BEB2-49849B1D9782}"
EndProject
Project("{2150E333-8FDC-42A3-9474-1A3956D46DE8}") = "Tests", "Tests", "{ED3327AE-42D5-452A-AA50-3EA043583508}"
EndProject
Global
	GlobalSection(SolutionConfigurationPlatforms) = preSolution
		Debug|Any CPU = Debug|Any CPU
		Release|Any CPU = Release|Any CPU
	EndGlobalSection
	GlobalSection(ProjectConfigurationPlatforms) = postSolution
		{373D942D-E4FA-47BE-9FB8-8507A2F74F9A}.Debug|Any CPU.ActiveCfg = Debug|Any CPU
		{373D942D-E4FA-47BE-9FB8-8507A2F74F9A}.Debug|Any CPU.Build.0 = Debug|Any CPU
		{373D942D-E4FA-47BE-9FB8-8507A2F74F9A}.Release|Any CPU.ActiveCfg = Release|Any CPU
		{373D942D-E4FA-47BE-9FB8-8507A2F74F9A}.Release|Any CPU.Build.0 = Release|Any CPU
		{702B7504-231B-481D-B710-E1FF6871F153}.Debug|Any CPU.ActiveCfg = Debug|Any CPU
		{702B7504-231B-481D-B710-E1FF6871F153}.Debug|Any CPU.Build.0 = Debug|Any CPU
		{702B7504-231B-481D-B710-E1FF6871F153}.Release|Any CPU.ActiveCfg = Release|Any CPU
		{702B7504-231B-481D-B710-E1FF6871F153}.Release|Any CPU.Build.0 = Release|Any CPU
	EndGlobalSection
	GlobalSection(SolutionProperties) = preSolution
		HideSolutionNode = FALSE
	EndGlobalSection
	GlobalSection(NestedProjects) = preSolution
		{702B7504-231B-481D-B710-E1FF6871F153} = {ED3327AE-42D5-452A-AA50-3EA043583508}
	EndGlobalSection
	GlobalSection(ExtensibilityGlobals) = postSolution
		SolutionGuid = {52660765-F60E-4633-BEDB-B934CD92D38F}
	EndGlobalSection
EndGlobal
